
Microsoft Visual Studio Solution File, Format Version 12.00
Project("{FAE04EC0-301F-11D3-BF4B-00C04F79EFBC}") = "SportSchool", "SportSchool\SportSchool.csproj", "{4019C1B3-3C5F-4011-93A0-2F9F730F467A}"
EndProject
Project("{FAE04EC0-301F-11D3-BF4B-00C04F79EFBC}") = "DAL", "DAL\DAL.csproj", "{EE2FF8F6-7974-4630-8D64-E77CF1D133B8}"
EndProject
Project("{FAE04EC0-301F-11D3-BF4B-00C04F79EFBC}") = "Domain", "Domain\Domain.csproj", "{102C852C-FC4B-424B-AFD0-243BD8B0568E}"
EndProject
Global
	GlobalSection(SolutionConfigurationPlatforms) = preSolution
		Debug|Any CPU = Debug|Any CPU
		Release|Any CPU = Release|Any CPU
	EndGlobalSection
	GlobalSection(ProjectConfigurationPlatforms) = postSolution
		{4019C1B3-3C5F-4011-93A0-2F9F730F467A}.Debug|Any CPU.ActiveCfg = Debug|Any CPU
		{4019C1B3-3C5F-4011-93A0-2F9F730F467A}.Debug|Any CPU.Build.0 = Debug|Any CPU
		{4019C1B3-3C5F-4011-93A0-2F9F730F467A}.Release|Any CPU.ActiveCfg = Release|Any CPU
		{4019C1B3-3C5F-4011-93A0-2F9F730F467A}.Release|Any CPU.Build.0 = Release|Any CPU
		{EE2FF8F6-7974-4630-8D64-E77CF1D133B8}.Debug|Any CPU.ActiveCfg = Debug|Any CPU
		{EE2FF8F6-7974-4630-8D64-E77CF1D133B8}.Debug|Any CPU.Build.0 = Debug|Any CPU
		{EE2FF8F6-7974-4630-8D64-E77CF1D133B8}.Release|Any CPU.ActiveCfg = Release|Any CPU
		{EE2FF8F6-7974-4630-8D64-E77CF1D133B8}.Release|Any CPU.Build.0 = Release|Any CPU
		{102C852C-FC4B-424B-AFD0-243BD8B0568E}.Debug|Any CPU.ActiveCfg = Debug|Any CPU
		{102C852C-FC4B-424B-AFD0-243BD8B0568E}.Debug|Any CPU.Build.0 = Debug|Any CPU
		{102C852C-FC4B-424B-AFD0-243BD8B0568E}.Release|Any CPU.ActiveCfg = Release|Any CPU
		{102C852C-FC4B-424B-AFD0-243BD8B0568E}.Release|Any CPU.Build.0 = Release|Any CPU
	EndGlobalSection
EndGlobal
