
Microsoft Visual Studio Solution File, Format Version 12.00
Project("{FAE04EC0-301F-11D3-BF4B-00C04F79EFBC}") = "SportSchool", "SportSchool\SportSchool.csproj", "{4019C1B3-3C5F-4011-93A0-2F9F730F467A}"
EndProject
Project("{2150E333-8FDC-42A3-9474-1A3956D46DE8}") = "APP", "APP", "{725C0A0A-D2F5-4EA3-83D8-C1463AA496E2}"
EndProject
Project("{2150E333-8FDC-42A3-9474-1A3956D46DE8}") = "BASE", "BASE", "{DB82AC75-BD95-4D29-A102-7D7A20AB691D}"
EndProject
Project("{FAE04EC0-301F-11D3-BF4B-00C04F79EFBC}") = "Domain.Base", "Domain.Base\Domain.Base.csproj", "{428A9BB7-A9F3-4783-A980-5E7B0DDA2C5A}"
EndProject
Project("{2150E333-8FDC-42A3-9474-1A3956D46DE8}") = "Contracts", "Contracts", "{E2335300-FD95-4556-AA38-1907E087FE33}"
EndProject
Project("{FAE04EC0-301F-11D3-BF4B-00C04F79EFBC}") = "Domain.Contracts.Base", "Domain.Contracts.Base\Domain.Contracts.Base.csproj", "{F72E4AC2-6DD3-4010-B48F-982E5F717E14}"
EndProject
Project("{FAE04EC0-301F-11D3-BF4B-00C04F79EFBC}") = "Domain.App", "Domain.App\Domain.App.csproj", "{9F1B114E-F2BF-4ABE-B8C4-35A1288D41B4}"
EndProject
Project("{FAE04EC0-301F-11D3-BF4B-00C04F79EFBC}") = "DAL.EF.APP", "DAL.EF.APP\DAL.EF.APP.csproj", "{FDCA1816-A6F5-4ADA-8727-B1EE4551EF1D}"
EndProject
Project("{FAE04EC0-301F-11D3-BF4B-00C04F79EFBC}") = "DAL.Contracts.Base", "DAL.Contracts.Base\DAL.Contracts.Base.csproj", "{701E28EC-36A4-4D72-8C69-DB1936085A82}"
EndProject
Project("{FAE04EC0-301F-11D3-BF4B-00C04F79EFBC}") = "DAL.EF.Base", "DAL.EF.Base\DAL.EF.Base.csproj", "{1BB93668-3299-4C4B-B6F0-1C0712874ED2}"
EndProject
Project("{2150E333-8FDC-42A3-9474-1A3956D46DE8}") = "Contracts", "Contracts", "{5FF5328E-1028-40E9-9921-351266637A0F}"
EndProject
Project("{FAE04EC0-301F-11D3-BF4B-00C04F79EFBC}") = "DAL.Contracts.App", "DAL.Contracts.App\DAL.Contracts.App.csproj", "{325E83B8-8C3F-4743-B94F-7BBDE2AED6E6}"
EndProject
Global
	GlobalSection(SolutionConfigurationPlatforms) = preSolution
		Debug|Any CPU = Debug|Any CPU
		Release|Any CPU = Release|Any CPU
	EndGlobalSection
	GlobalSection(ProjectConfigurationPlatforms) = postSolution
		{4019C1B3-3C5F-4011-93A0-2F9F730F467A}.Debug|Any CPU.ActiveCfg = Debug|Any CPU
		{4019C1B3-3C5F-4011-93A0-2F9F730F467A}.Debug|Any CPU.Build.0 = Debug|Any CPU
		{4019C1B3-3C5F-4011-93A0-2F9F730F467A}.Release|Any CPU.ActiveCfg = Release|Any CPU
		{4019C1B3-3C5F-4011-93A0-2F9F730F467A}.Release|Any CPU.Build.0 = Release|Any CPU
		{428A9BB7-A9F3-4783-A980-5E7B0DDA2C5A}.Debug|Any CPU.ActiveCfg = Debug|Any CPU
		{428A9BB7-A9F3-4783-A980-5E7B0DDA2C5A}.Debug|Any CPU.Build.0 = Debug|Any CPU
		{428A9BB7-A9F3-4783-A980-5E7B0DDA2C5A}.Release|Any CPU.ActiveCfg = Release|Any CPU
		{428A9BB7-A9F3-4783-A980-5E7B0DDA2C5A}.Release|Any CPU.Build.0 = Release|Any CPU
		{F72E4AC2-6DD3-4010-B48F-982E5F717E14}.Debug|Any CPU.ActiveCfg = Debug|Any CPU
		{F72E4AC2-6DD3-4010-B48F-982E5F717E14}.Debug|Any CPU.Build.0 = Debug|Any CPU
		{F72E4AC2-6DD3-4010-B48F-982E5F717E14}.Release|Any CPU.ActiveCfg = Release|Any CPU
		{F72E4AC2-6DD3-4010-B48F-982E5F717E14}.Release|Any CPU.Build.0 = Release|Any CPU
		{9F1B114E-F2BF-4ABE-B8C4-35A1288D41B4}.Debug|Any CPU.ActiveCfg = Debug|Any CPU
		{9F1B114E-F2BF-4ABE-B8C4-35A1288D41B4}.Debug|Any CPU.Build.0 = Debug|Any CPU
		{9F1B114E-F2BF-4ABE-B8C4-35A1288D41B4}.Release|Any CPU.ActiveCfg = Release|Any CPU
		{9F1B114E-F2BF-4ABE-B8C4-35A1288D41B4}.Release|Any CPU.Build.0 = Release|Any CPU
		{FDCA1816-A6F5-4ADA-8727-B1EE4551EF1D}.Debug|Any CPU.ActiveCfg = Debug|Any CPU
		{FDCA1816-A6F5-4ADA-8727-B1EE4551EF1D}.Debug|Any CPU.Build.0 = Debug|Any CPU
		{FDCA1816-A6F5-4ADA-8727-B1EE4551EF1D}.Release|Any CPU.ActiveCfg = Release|Any CPU
		{FDCA1816-A6F5-4ADA-8727-B1EE4551EF1D}.Release|Any CPU.Build.0 = Release|Any CPU
		{701E28EC-36A4-4D72-8C69-DB1936085A82}.Debug|Any CPU.ActiveCfg = Debug|Any CPU
		{701E28EC-36A4-4D72-8C69-DB1936085A82}.Debug|Any CPU.Build.0 = Debug|Any CPU
		{701E28EC-36A4-4D72-8C69-DB1936085A82}.Release|Any CPU.ActiveCfg = Release|Any CPU
		{701E28EC-36A4-4D72-8C69-DB1936085A82}.Release|Any CPU.Build.0 = Release|Any CPU
		{1BB93668-3299-4C4B-B6F0-1C0712874ED2}.Debug|Any CPU.ActiveCfg = Debug|Any CPU
		{1BB93668-3299-4C4B-B6F0-1C0712874ED2}.Debug|Any CPU.Build.0 = Debug|Any CPU
		{1BB93668-3299-4C4B-B6F0-1C0712874ED2}.Release|Any CPU.ActiveCfg = Release|Any CPU
		{1BB93668-3299-4C4B-B6F0-1C0712874ED2}.Release|Any CPU.Build.0 = Release|Any CPU
		{325E83B8-8C3F-4743-B94F-7BBDE2AED6E6}.Debug|Any CPU.ActiveCfg = Debug|Any CPU
		{325E83B8-8C3F-4743-B94F-7BBDE2AED6E6}.Debug|Any CPU.Build.0 = Debug|Any CPU
		{325E83B8-8C3F-4743-B94F-7BBDE2AED6E6}.Release|Any CPU.ActiveCfg = Release|Any CPU
		{325E83B8-8C3F-4743-B94F-7BBDE2AED6E6}.Release|Any CPU.Build.0 = Release|Any CPU
	EndGlobalSection
	GlobalSection(NestedProjects) = preSolution
		{4019C1B3-3C5F-4011-93A0-2F9F730F467A} = {725C0A0A-D2F5-4EA3-83D8-C1463AA496E2}
		{428A9BB7-A9F3-4783-A980-5E7B0DDA2C5A} = {DB82AC75-BD95-4D29-A102-7D7A20AB691D}
		{E2335300-FD95-4556-AA38-1907E087FE33} = {DB82AC75-BD95-4D29-A102-7D7A20AB691D}
		{F72E4AC2-6DD3-4010-B48F-982E5F717E14} = {E2335300-FD95-4556-AA38-1907E087FE33}
		{9F1B114E-F2BF-4ABE-B8C4-35A1288D41B4} = {725C0A0A-D2F5-4EA3-83D8-C1463AA496E2}
		{FDCA1816-A6F5-4ADA-8727-B1EE4551EF1D} = {725C0A0A-D2F5-4EA3-83D8-C1463AA496E2}
		{701E28EC-36A4-4D72-8C69-DB1936085A82} = {E2335300-FD95-4556-AA38-1907E087FE33}
		{1BB93668-3299-4C4B-B6F0-1C0712874ED2} = {DB82AC75-BD95-4D29-A102-7D7A20AB691D}
		{5FF5328E-1028-40E9-9921-351266637A0F} = {725C0A0A-D2F5-4EA3-83D8-C1463AA496E2}
		{325E83B8-8C3F-4743-B94F-7BBDE2AED6E6} = {5FF5328E-1028-40E9-9921-351266637A0F}
	EndGlobalSection
EndGlobal
